// !$*UTF8*$!
{
	archiveVersion = 1;
	classes = {
	};
	objectVersion = 56;
	objects = {

/* Begin PBXBuildFile section */
		3FADA4512BC030AB009B8590 /* MemoryGameApp.swift in Sources */ = {isa = PBXBuildFile; fileRef = 3FADA4502BC030AB009B8590 /* MemoryGameApp.swift */; };
		3FADA4552BC030AC009B8590 /* Assets.xcassets in Resources */ = {isa = PBXBuildFile; fileRef = 3FADA4542BC030AC009B8590 /* Assets.xcassets */; };
		3FADA4582BC030AC009B8590 /* Preview Assets.xcassets in Resources */ = {isa = PBXBuildFile; fileRef = 3FADA4572BC030AC009B8590 /* Preview Assets.xcassets */; };
		3FADA4622BC030AC009B8590 /* MemoryGameTests.swift in Sources */ = {isa = PBXBuildFile; fileRef = 3FADA4612BC030AC009B8590 /* MemoryGameTests.swift */; };
		3FADA46C2BC030AC009B8590 /* MemoryGameUITests.swift in Sources */ = {isa = PBXBuildFile; fileRef = 3FADA46B2BC030AC009B8590 /* MemoryGameUITests.swift */; };
		3FADA46E2BC030AC009B8590 /* MemoryGameUITestsLaunchTests.swift in Sources */ = {isa = PBXBuildFile; fileRef = 3FADA46D2BC030AC009B8590 /* MemoryGameUITestsLaunchTests.swift */; };
		3FADA4812BC03BB0009B8590 /* Card.swift in Sources */ = {isa = PBXBuildFile; fileRef = 3FADA4802BC03BB0009B8590 /* Card.swift */; };
		3FADA4832BC03DED009B8590 /* CardGame.swift in Sources */ = {isa = PBXBuildFile; fileRef = 3FADA4822BC03DED009B8590 /* CardGame.swift */; };
		3FADA4862BC042BC009B8590 /* CardUi.swift in Sources */ = {isa = PBXBuildFile; fileRef = 3FADA4852BC042BC009B8590 /* CardUi.swift */; };
		3FADA4892BC0449B009B8590 /* GameViewModel.swift in Sources */ = {isa = PBXBuildFile; fileRef = 3FADA4882BC0449B009B8590 /* GameViewModel.swift */; };
		3FADA48D2BC047C8009B8590 /* GameScreen.swift in Sources */ = {isa = PBXBuildFile; fileRef = 3FADA48C2BC047C8009B8590 /* GameScreen.swift */; };
		A2598B622BC07585006BF5CF /* MenuCard.swift in Sources */ = {isa = PBXBuildFile; fileRef = A2598B612BC07585006BF5CF /* MenuCard.swift */; };
		A2598B642BC07739006BF5CF /* Difficulty.swift in Sources */ = {isa = PBXBuildFile; fileRef = A2598B632BC07739006BF5CF /* Difficulty.swift */; };
		A2598B662BC078EB006BF5CF /* MenuScreen.swift in Sources */ = {isa = PBXBuildFile; fileRef = A2598B652BC078EB006BF5CF /* MenuScreen.swift */; };
		A2598B682BC07B97006BF5CF /* MenuViewModel.swift in Sources */ = {isa = PBXBuildFile; fileRef = A2598B672BC07B97006BF5CF /* MenuViewModel.swift */; };
		A2D6A9462BC16F29008E2932 /* libGameSource.a in Frameworks */ = {isa = PBXBuildFile; fileRef = A2D6A9452BC16F18008E2932 /* libGameSource.a */; };
		A2D6A9512BC19F8C008E2932 /* ColorScheme.swift in Sources */ = {isa = PBXBuildFile; fileRef = A2D6A9502BC19F8C008E2932 /* ColorScheme.swift */; };
		A2D6A9532BC1A6A2008E2932 /* LeaderBoard.swift in Sources */ = {isa = PBXBuildFile; fileRef = A2D6A9522BC1A6A2008E2932 /* LeaderBoard.swift */; };
		A2D6A9552BC1AAC1008E2932 /* Leader.swift in Sources */ = {isa = PBXBuildFile; fileRef = A2D6A9542BC1AAC1008E2932 /* Leader.swift */; };
/* End PBXBuildFile section */

/* Begin PBXContainerItemProxy section */
		3FADA45E2BC030AC009B8590 /* PBXContainerItemProxy */ = {
			isa = PBXContainerItemProxy;
			containerPortal = 3FADA4452BC030AB009B8590 /* Project object */;
			proxyType = 1;
			remoteGlobalIDString = 3FADA44C2BC030AB009B8590;
			remoteInfo = MemoryGame;
		};
		3FADA4682BC030AC009B8590 /* PBXContainerItemProxy */ = {
			isa = PBXContainerItemProxy;
			containerPortal = 3FADA4452BC030AB009B8590 /* Project object */;
			proxyType = 1;
			remoteGlobalIDString = 3FADA44C2BC030AB009B8590;
			remoteInfo = MemoryGame;
		};
/* End PBXContainerItemProxy section */

/* Begin PBXFileReference section */
		3FADA44D2BC030AB009B8590 /* MemoryGame.app */ = {isa = PBXFileReference; explicitFileType = wrapper.application; includeInIndex = 0; path = MemoryGame.app; sourceTree = BUILT_PRODUCTS_DIR; };
		3FADA4502BC030AB009B8590 /* MemoryGameApp.swift */ = {isa = PBXFileReference; lastKnownFileType = sourcecode.swift; path = MemoryGameApp.swift; sourceTree = "<group>"; };
		3FADA4542BC030AC009B8590 /* Assets.xcassets */ = {isa = PBXFileReference; lastKnownFileType = folder.assetcatalog; path = Assets.xcassets; sourceTree = "<group>"; };
		3FADA4572BC030AC009B8590 /* Preview Assets.xcassets */ = {isa = PBXFileReference; lastKnownFileType = folder.assetcatalog; path = "Preview Assets.xcassets"; sourceTree = "<group>"; };
		3FADA45D2BC030AC009B8590 /* MemoryGameTests.xctest */ = {isa = PBXFileReference; explicitFileType = wrapper.cfbundle; includeInIndex = 0; path = MemoryGameTests.xctest; sourceTree = BUILT_PRODUCTS_DIR; };
		3FADA4612BC030AC009B8590 /* MemoryGameTests.swift */ = {isa = PBXFileReference; lastKnownFileType = sourcecode.swift; path = MemoryGameTests.swift; sourceTree = "<group>"; };
		3FADA4672BC030AC009B8590 /* MemoryGameUITests.xctest */ = {isa = PBXFileReference; explicitFileType = wrapper.cfbundle; includeInIndex = 0; path = MemoryGameUITests.xctest; sourceTree = BUILT_PRODUCTS_DIR; };
		3FADA46B2BC030AC009B8590 /* MemoryGameUITests.swift */ = {isa = PBXFileReference; lastKnownFileType = sourcecode.swift; path = MemoryGameUITests.swift; sourceTree = "<group>"; };
		3FADA46D2BC030AC009B8590 /* MemoryGameUITestsLaunchTests.swift */ = {isa = PBXFileReference; lastKnownFileType = sourcecode.swift; path = MemoryGameUITestsLaunchTests.swift; sourceTree = "<group>"; };
		3FADA4802BC03BB0009B8590 /* Card.swift */ = {isa = PBXFileReference; lastKnownFileType = sourcecode.swift; path = Card.swift; sourceTree = "<group>"; };
		3FADA4822BC03DED009B8590 /* CardGame.swift */ = {isa = PBXFileReference; lastKnownFileType = sourcecode.swift; path = CardGame.swift; sourceTree = "<group>"; };
		3FADA4852BC042BC009B8590 /* CardUi.swift */ = {isa = PBXFileReference; lastKnownFileType = sourcecode.swift; path = CardUi.swift; sourceTree = "<group>"; };
		3FADA4882BC0449B009B8590 /* GameViewModel.swift */ = {isa = PBXFileReference; lastKnownFileType = sourcecode.swift; path = GameViewModel.swift; sourceTree = "<group>"; };
		3FADA48C2BC047C8009B8590 /* GameScreen.swift */ = {isa = PBXFileReference; lastKnownFileType = sourcecode.swift; path = GameScreen.swift; sourceTree = "<group>"; };
		A2598B612BC07585006BF5CF /* MenuCard.swift */ = {isa = PBXFileReference; lastKnownFileType = sourcecode.swift; path = MenuCard.swift; sourceTree = "<group>"; };
		A2598B632BC07739006BF5CF /* Difficulty.swift */ = {isa = PBXFileReference; lastKnownFileType = sourcecode.swift; path = Difficulty.swift; sourceTree = "<group>"; };
		A2598B652BC078EB006BF5CF /* MenuScreen.swift */ = {isa = PBXFileReference; lastKnownFileType = sourcecode.swift; path = MenuScreen.swift; sourceTree = "<group>"; };
		A2598B672BC07B97006BF5CF /* MenuViewModel.swift */ = {isa = PBXFileReference; lastKnownFileType = sourcecode.swift; path = MenuViewModel.swift; sourceTree = "<group>"; };
		A2D6A9452BC16F18008E2932 /* libGameSource.a */ = {isa = PBXFileReference; lastKnownFileType = archive.ar; path = libGameSource.a; sourceTree = "<group>"; };
		A2D6A9502BC19F8C008E2932 /* ColorScheme.swift */ = {isa = PBXFileReference; lastKnownFileType = sourcecode.swift; path = ColorScheme.swift; sourceTree = "<group>"; };
		A2D6A9522BC1A6A2008E2932 /* LeaderBoard.swift */ = {isa = PBXFileReference; lastKnownFileType = sourcecode.swift; path = LeaderBoard.swift; sourceTree = "<group>"; };
		A2D6A9542BC1AAC1008E2932 /* Leader.swift */ = {isa = PBXFileReference; lastKnownFileType = sourcecode.swift; path = Leader.swift; sourceTree = "<group>"; };
/* End PBXFileReference section */

/* Begin PBXFrameworksBuildPhase section */
		3FADA44A2BC030AB009B8590 /* Frameworks */ = {
			isa = PBXFrameworksBuildPhase;
			buildActionMask = 2147483647;
			files = (
				A2D6A9462BC16F29008E2932 /* libGameSource.a in Frameworks */,
			);
			runOnlyForDeploymentPostprocessing = 0;
		};
		3FADA45A2BC030AC009B8590 /* Frameworks */ = {
			isa = PBXFrameworksBuildPhase;
			buildActionMask = 2147483647;
			files = (
			);
			runOnlyForDeploymentPostprocessing = 0;
		};
		3FADA4642BC030AC009B8590 /* Frameworks */ = {
			isa = PBXFrameworksBuildPhase;
			buildActionMask = 2147483647;
			files = (
			);
			runOnlyForDeploymentPostprocessing = 0;
		};
/* End PBXFrameworksBuildPhase section */

/* Begin PBXGroup section */
		3FADA4442BC030AB009B8590 = {
			isa = PBXGroup;
			children = (
				3FADA44F2BC030AB009B8590 /* MemoryGame */,
				3FADA4602BC030AC009B8590 /* MemoryGameTests */,
				3FADA46A2BC030AC009B8590 /* MemoryGameUITests */,
				3FADA44E2BC030AB009B8590 /* Products */,
				A2D6A9442BC16F18008E2932 /* Frameworks */,
			);
			sourceTree = "<group>";
		};
		3FADA44E2BC030AB009B8590 /* Products */ = {
			isa = PBXGroup;
			children = (
				3FADA44D2BC030AB009B8590 /* MemoryGame.app */,
				3FADA45D2BC030AC009B8590 /* MemoryGameTests.xctest */,
				3FADA4672BC030AC009B8590 /* MemoryGameUITests.xctest */,
			);
			name = Products;
			sourceTree = "<group>";
		};
		3FADA44F2BC030AB009B8590 /* MemoryGame */ = {
			isa = PBXGroup;
			children = (
				A2598B5E2BC0747E006BF5CF /* Menu */,
				3FADA4872BC04467009B8590 /* Game */,
				3FADA4842BC0429F009B8590 /* Ui */,
				3FADA47B2BC032DC009B8590 /* Models */,
				3FADA4502BC030AB009B8590 /* MemoryGameApp.swift */,
				3FADA4542BC030AC009B8590 /* Assets.xcassets */,
				3FADA4562BC030AC009B8590 /* Preview Content */,
			);
			path = MemoryGame;
			sourceTree = "<group>";
		};
		3FADA4562BC030AC009B8590 /* Preview Content */ = {
			isa = PBXGroup;
			children = (
				3FADA4572BC030AC009B8590 /* Preview Assets.xcassets */,
			);
			path = "Preview Content";
			sourceTree = "<group>";
		};
		3FADA4602BC030AC009B8590 /* MemoryGameTests */ = {
			isa = PBXGroup;
			children = (
				3FADA4612BC030AC009B8590 /* MemoryGameTests.swift */,
			);
			path = MemoryGameTests;
			sourceTree = "<group>";
		};
		3FADA46A2BC030AC009B8590 /* MemoryGameUITests */ = {
			isa = PBXGroup;
			children = (
				3FADA46B2BC030AC009B8590 /* MemoryGameUITests.swift */,
				3FADA46D2BC030AC009B8590 /* MemoryGameUITestsLaunchTests.swift */,
			);
			path = MemoryGameUITests;
			sourceTree = "<group>";
		};
		3FADA47B2BC032DC009B8590 /* Models */ = {
			isa = PBXGroup;
			children = (
				3FADA4802BC03BB0009B8590 /* Card.swift */,
				3FADA4822BC03DED009B8590 /* CardGame.swift */,
				A2598B632BC07739006BF5CF /* Difficulty.swift */,
				A2D6A9542BC1AAC1008E2932 /* Leader.swift */,
			);
			path = Models;
			sourceTree = "<group>";
		};
		3FADA4842BC0429F009B8590 /* Ui */ = {
			isa = PBXGroup;
			children = (
				3FADA4852BC042BC009B8590 /* CardUi.swift */,
				A2598B612BC07585006BF5CF /* MenuCard.swift */,
				A2D6A9502BC19F8C008E2932 /* ColorScheme.swift */,
				A2D6A9522BC1A6A2008E2932 /* LeaderBoard.swift */,
			);
			path = Ui;
			sourceTree = "<group>";
		};
		3FADA4872BC04467009B8590 /* Game */ = {
			isa = PBXGroup;
			children = (
				3FADA4882BC0449B009B8590 /* GameViewModel.swift */,
				3FADA48C2BC047C8009B8590 /* GameScreen.swift */,
			);
			path = Game;
			sourceTree = "<group>";
		};
		A2598B5E2BC0747E006BF5CF /* Menu */ = {
			isa = PBXGroup;
			children = (
				A2598B652BC078EB006BF5CF /* MenuScreen.swift */,
				A2598B672BC07B97006BF5CF /* MenuViewModel.swift */,
			);
			path = Menu;
			sourceTree = "<group>";
		};
		A2D6A9442BC16F18008E2932 /* Frameworks */ = {
			isa = PBXGroup;
			children = (
				A2D6A9452BC16F18008E2932 /* libGameSource.a */,
			);
			name = Frameworks;
			sourceTree = "<group>";
		};
/* End PBXGroup section */

/* Begin PBXNativeTarget section */
		3FADA44C2BC030AB009B8590 /* MemoryGame */ = {
			isa = PBXNativeTarget;
			buildConfigurationList = 3FADA4712BC030AC009B8590 /* Build configuration list for PBXNativeTarget "MemoryGame" */;
			buildPhases = (
				3FADA4492BC030AB009B8590 /* Sources */,
				3FADA44A2BC030AB009B8590 /* Frameworks */,
				3FADA44B2BC030AB009B8590 /* Resources */,
			);
			buildRules = (
			);
			dependencies = (
			);
			name = MemoryGame;
			productName = MemoryGame;
			productReference = 3FADA44D2BC030AB009B8590 /* MemoryGame.app */;
			productType = "com.apple.product-type.application";
		};
		3FADA45C2BC030AC009B8590 /* MemoryGameTests */ = {
			isa = PBXNativeTarget;
			buildConfigurationList = 3FADA4742BC030AC009B8590 /* Build configuration list for PBXNativeTarget "MemoryGameTests" */;
			buildPhases = (
				3FADA4592BC030AC009B8590 /* Sources */,
				3FADA45A2BC030AC009B8590 /* Frameworks */,
				3FADA45B2BC030AC009B8590 /* Resources */,
			);
			buildRules = (
			);
			dependencies = (
				3FADA45F2BC030AC009B8590 /* PBXTargetDependency */,
			);
			name = MemoryGameTests;
			productName = MemoryGameTests;
			productReference = 3FADA45D2BC030AC009B8590 /* MemoryGameTests.xctest */;
			productType = "com.apple.product-type.bundle.unit-test";
		};
		3FADA4662BC030AC009B8590 /* MemoryGameUITests */ = {
			isa = PBXNativeTarget;
			buildConfigurationList = 3FADA4772BC030AC009B8590 /* Build configuration list for PBXNativeTarget "MemoryGameUITests" */;
			buildPhases = (
				3FADA4632BC030AC009B8590 /* Sources */,
				3FADA4642BC030AC009B8590 /* Frameworks */,
				3FADA4652BC030AC009B8590 /* Resources */,
			);
			buildRules = (
			);
			dependencies = (
				3FADA4692BC030AC009B8590 /* PBXTargetDependency */,
			);
			name = MemoryGameUITests;
			productName = MemoryGameUITests;
			productReference = 3FADA4672BC030AC009B8590 /* MemoryGameUITests.xctest */;
			productType = "com.apple.product-type.bundle.ui-testing";
		};
/* End PBXNativeTarget section */

/* Begin PBXProject section */
		3FADA4452BC030AB009B8590 /* Project object */ = {
			isa = PBXProject;
			attributes = {
				BuildIndependentTargetsInParallel = 1;
				LastSwiftUpdateCheck = 1500;
				LastUpgradeCheck = 1500;
				TargetAttributes = {
					3FADA44C2BC030AB009B8590 = {
						CreatedOnToolsVersion = 15.0.1;
					};
					3FADA45C2BC030AC009B8590 = {
						CreatedOnToolsVersion = 15.0.1;
						TestTargetID = 3FADA44C2BC030AB009B8590;
					};
					3FADA4662BC030AC009B8590 = {
						CreatedOnToolsVersion = 15.0.1;
						TestTargetID = 3FADA44C2BC030AB009B8590;
					};
				};
			};
			buildConfigurationList = 3FADA4482BC030AB009B8590 /* Build configuration list for PBXProject "MemoryGame" */;
			compatibilityVersion = "Xcode 14.0";
			developmentRegion = en;
			hasScannedForEncodings = 0;
			knownRegions = (
				en,
				Base,
			);
			mainGroup = 3FADA4442BC030AB009B8590;
			productRefGroup = 3FADA44E2BC030AB009B8590 /* Products */;
			projectDirPath = "";
			projectRoot = "";
			targets = (
				3FADA44C2BC030AB009B8590 /* MemoryGame */,
				3FADA45C2BC030AC009B8590 /* MemoryGameTests */,
				3FADA4662BC030AC009B8590 /* MemoryGameUITests */,
			);
		};
/* End PBXProject section */

/* Begin PBXResourcesBuildPhase section */
		3FADA44B2BC030AB009B8590 /* Resources */ = {
			isa = PBXResourcesBuildPhase;
			buildActionMask = 2147483647;
			files = (
				3FADA4582BC030AC009B8590 /* Preview Assets.xcassets in Resources */,
				3FADA4552BC030AC009B8590 /* Assets.xcassets in Resources */,
			);
			runOnlyForDeploymentPostprocessing = 0;
		};
		3FADA45B2BC030AC009B8590 /* Resources */ = {
			isa = PBXResourcesBuildPhase;
			buildActionMask = 2147483647;
			files = (
			);
			runOnlyForDeploymentPostprocessing = 0;
		};
		3FADA4652BC030AC009B8590 /* Resources */ = {
			isa = PBXResourcesBuildPhase;
			buildActionMask = 2147483647;
			files = (
			);
			runOnlyForDeploymentPostprocessing = 0;
		};
/* End PBXResourcesBuildPhase section */

/* Begin PBXSourcesBuildPhase section */
		3FADA4492BC030AB009B8590 /* Sources */ = {
			isa = PBXSourcesBuildPhase;
			buildActionMask = 2147483647;
			files = (
				A2598B662BC078EB006BF5CF /* MenuScreen.swift in Sources */,
				A2D6A9532BC1A6A2008E2932 /* LeaderBoard.swift in Sources */,
				3FADA4892BC0449B009B8590 /* GameViewModel.swift in Sources */,
				A2598B642BC07739006BF5CF /* Difficulty.swift in Sources */,
				A2598B622BC07585006BF5CF /* MenuCard.swift in Sources */,
				A2598B682BC07B97006BF5CF /* MenuViewModel.swift in Sources */,
				3FADA4832BC03DED009B8590 /* CardGame.swift in Sources */,
				A2D6A9512BC19F8C008E2932 /* ColorScheme.swift in Sources */,
				3FADA4812BC03BB0009B8590 /* Card.swift in Sources */,
				A2D6A9552BC1AAC1008E2932 /* Leader.swift in Sources */,
				3FADA4512BC030AB009B8590 /* MemoryGameApp.swift in Sources */,
				3FADA48D2BC047C8009B8590 /* GameScreen.swift in Sources */,
				3FADA4862BC042BC009B8590 /* CardUi.swift in Sources */,
			);
			runOnlyForDeploymentPostprocessing = 0;
		};
		3FADA4592BC030AC009B8590 /* Sources */ = {
			isa = PBXSourcesBuildPhase;
			buildActionMask = 2147483647;
			files = (
				3FADA4622BC030AC009B8590 /* MemoryGameTests.swift in Sources */,
			);
			runOnlyForDeploymentPostprocessing = 0;
		};
		3FADA4632BC030AC009B8590 /* Sources */ = {
			isa = PBXSourcesBuildPhase;
			buildActionMask = 2147483647;
			files = (
				3FADA46C2BC030AC009B8590 /* MemoryGameUITests.swift in Sources */,
				3FADA46E2BC030AC009B8590 /* MemoryGameUITestsLaunchTests.swift in Sources */,
			);
			runOnlyForDeploymentPostprocessing = 0;
		};
/* End PBXSourcesBuildPhase section */

/* Begin PBXTargetDependency section */
		3FADA45F2BC030AC009B8590 /* PBXTargetDependency */ = {
			isa = PBXTargetDependency;
			target = 3FADA44C2BC030AB009B8590 /* MemoryGame */;
			targetProxy = 3FADA45E2BC030AC009B8590 /* PBXContainerItemProxy */;
		};
		3FADA4692BC030AC009B8590 /* PBXTargetDependency */ = {
			isa = PBXTargetDependency;
			target = 3FADA44C2BC030AB009B8590 /* MemoryGame */;
			targetProxy = 3FADA4682BC030AC009B8590 /* PBXContainerItemProxy */;
		};
/* End PBXTargetDependency section */

/* Begin XCBuildConfiguration section */
		3FADA46F2BC030AC009B8590 /* Debug */ = {
			isa = XCBuildConfiguration;
			buildSettings = {
				ALWAYS_SEARCH_USER_PATHS = NO;
				ASSETCATALOG_COMPILER_GENERATE_SWIFT_ASSET_SYMBOL_EXTENSIONS = YES;
				CLANG_ANALYZER_NONNULL = YES;
				CLANG_ANALYZER_NUMBER_OBJECT_CONVERSION = YES_AGGRESSIVE;
				CLANG_CXX_LANGUAGE_STANDARD = "gnu++20";
				CLANG_ENABLE_MODULES = YES;
				CLANG_ENABLE_OBJC_ARC = YES;
				CLANG_ENABLE_OBJC_WEAK = YES;
				CLANG_WARN_BLOCK_CAPTURE_AUTORELEASING = YES;
				CLANG_WARN_BOOL_CONVERSION = YES;
				CLANG_WARN_COMMA = YES;
				CLANG_WARN_CONSTANT_CONVERSION = YES;
				CLANG_WARN_DEPRECATED_OBJC_IMPLEMENTATIONS = YES;
				CLANG_WARN_DIRECT_OBJC_ISA_USAGE = YES_ERROR;
				CLANG_WARN_DOCUMENTATION_COMMENTS = YES;
				CLANG_WARN_EMPTY_BODY = YES;
				CLANG_WARN_ENUM_CONVERSION = YES;
				CLANG_WARN_INFINITE_RECURSION = YES;
				CLANG_WARN_INT_CONVERSION = YES;
				CLANG_WARN_NON_LITERAL_NULL_CONVERSION = YES;
				CLANG_WARN_OBJC_IMPLICIT_RETAIN_SELF = YES;
				CLANG_WARN_OBJC_LITERAL_CONVERSION = YES;
				CLANG_WARN_OBJC_ROOT_CLASS = YES_ERROR;
				CLANG_WARN_QUOTED_INCLUDE_IN_FRAMEWORK_HEADER = YES;
				CLANG_WARN_RANGE_LOOP_ANALYSIS = YES;
				CLANG_WARN_STRICT_PROTOTYPES = YES;
				CLANG_WARN_SUSPICIOUS_MOVE = YES;
				CLANG_WARN_UNGUARDED_AVAILABILITY = YES_AGGRESSIVE;
				CLANG_WARN_UNREACHABLE_CODE = YES;
				CLANG_WARN__DUPLICATE_METHOD_MATCH = YES;
				COPY_PHASE_STRIP = NO;
				DEBUG_INFORMATION_FORMAT = dwarf;
				ENABLE_STRICT_OBJC_MSGSEND = YES;
				ENABLE_TESTABILITY = YES;
				ENABLE_USER_SCRIPT_SANDBOXING = YES;
				GCC_C_LANGUAGE_STANDARD = gnu17;
				GCC_DYNAMIC_NO_PIC = NO;
				GCC_NO_COMMON_BLOCKS = YES;
				GCC_OPTIMIZATION_LEVEL = 0;
				GCC_PREPROCESSOR_DEFINITIONS = (
					"DEBUG=1",
					"$(inherited)",
				);
				GCC_WARN_64_TO_32_BIT_CONVERSION = YES;
				GCC_WARN_ABOUT_RETURN_TYPE = YES_ERROR;
				GCC_WARN_UNDECLARED_SELECTOR = YES;
				GCC_WARN_UNINITIALIZED_AUTOS = YES_AGGRESSIVE;
				GCC_WARN_UNUSED_FUNCTION = YES;
				GCC_WARN_UNUSED_VARIABLE = YES;
				IPHONEOS_DEPLOYMENT_TARGET = 17.0;
				LOCALIZATION_PREFERS_STRING_CATALOGS = YES;
				MTL_ENABLE_DEBUG_INFO = INCLUDE_SOURCE;
				MTL_FAST_MATH = YES;
				ONLY_ACTIVE_ARCH = YES;
				SDKROOT = iphoneos;
				SWIFT_ACTIVE_COMPILATION_CONDITIONS = "DEBUG $(inherited)";
				SWIFT_OPTIMIZATION_LEVEL = "-Onone";
			};
			name = Debug;
		};
		3FADA4702BC030AC009B8590 /* Release */ = {
			isa = XCBuildConfiguration;
			buildSettings = {
				ALWAYS_SEARCH_USER_PATHS = NO;
				ASSETCATALOG_COMPILER_GENERATE_SWIFT_ASSET_SYMBOL_EXTENSIONS = YES;
				CLANG_ANALYZER_NONNULL = YES;
				CLANG_ANALYZER_NUMBER_OBJECT_CONVERSION = YES_AGGRESSIVE;
				CLANG_CXX_LANGUAGE_STANDARD = "gnu++20";
				CLANG_ENABLE_MODULES = YES;
				CLANG_ENABLE_OBJC_ARC = YES;
				CLANG_ENABLE_OBJC_WEAK = YES;
				CLANG_WARN_BLOCK_CAPTURE_AUTORELEASING = YES;
				CLANG_WARN_BOOL_CONVERSION = YES;
				CLANG_WARN_COMMA = YES;
				CLANG_WARN_CONSTANT_CONVERSION = YES;
				CLANG_WARN_DEPRECATED_OBJC_IMPLEMENTATIONS = YES;
				CLANG_WARN_DIRECT_OBJC_ISA_USAGE = YES_ERROR;
				CLANG_WARN_DOCUMENTATION_COMMENTS = YES;
				CLANG_WARN_EMPTY_BODY = YES;
				CLANG_WARN_ENUM_CONVERSION = YES;
				CLANG_WARN_INFINITE_RECURSION = YES;
				CLANG_WARN_INT_CONVERSION = YES;
				CLANG_WARN_NON_LITERAL_NULL_CONVERSION = YES;
				CLANG_WARN_OBJC_IMPLICIT_RETAIN_SELF = YES;
				CLANG_WARN_OBJC_LITERAL_CONVERSION = YES;
				CLANG_WARN_OBJC_ROOT_CLASS = YES_ERROR;
				CLANG_WARN_QUOTED_INCLUDE_IN_FRAMEWORK_HEADER = YES;
				CLANG_WARN_RANGE_LOOP_ANALYSIS = YES;
				CLANG_WARN_STRICT_PROTOTYPES = YES;
				CLANG_WARN_SUSPICIOUS_MOVE = YES;
				CLANG_WARN_UNGUARDED_AVAILABILITY = YES_AGGRESSIVE;
				CLANG_WARN_UNREACHABLE_CODE = YES;
				CLANG_WARN__DUPLICATE_METHOD_MATCH = YES;
				COPY_PHASE_STRIP = NO;
				DEBUG_INFORMATION_FORMAT = "dwarf-with-dsym";
				ENABLE_NS_ASSERTIONS = NO;
				ENABLE_STRICT_OBJC_MSGSEND = YES;
				ENABLE_USER_SCRIPT_SANDBOXING = YES;
				GCC_C_LANGUAGE_STANDARD = gnu17;
				GCC_NO_COMMON_BLOCKS = YES;
				GCC_WARN_64_TO_32_BIT_CONVERSION = YES;
				GCC_WARN_ABOUT_RETURN_TYPE = YES_ERROR;
				GCC_WARN_UNDECLARED_SELECTOR = YES;
				GCC_WARN_UNINITIALIZED_AUTOS = YES_AGGRESSIVE;
				GCC_WARN_UNUSED_FUNCTION = YES;
				GCC_WARN_UNUSED_VARIABLE = YES;
				IPHONEOS_DEPLOYMENT_TARGET = 17.0;
				LOCALIZATION_PREFERS_STRING_CATALOGS = YES;
				MTL_ENABLE_DEBUG_INFO = NO;
				MTL_FAST_MATH = YES;
				SDKROOT = iphoneos;
				SWIFT_COMPILATION_MODE = wholemodule;
				VALIDATE_PRODUCT = YES;
			};
			name = Release;
		};
		3FADA4722BC030AC009B8590 /* Debug */ = {
			isa = XCBuildConfiguration;
			buildSettings = {
				ASSETCATALOG_COMPILER_APPICON_NAME = AppIcon;
				ASSETCATALOG_COMPILER_GLOBAL_ACCENT_COLOR_NAME = AccentColor;
				CODE_SIGN_STYLE = Automatic;
				CURRENT_PROJECT_VERSION = 1;
				DEVELOPMENT_ASSET_PATHS = "\"MemoryGame/Preview Content\"";
				ENABLE_PREVIEWS = YES;
				GENERATE_INFOPLIST_FILE = YES;
				INFOPLIST_KEY_UIApplicationSceneManifest_Generation = YES;
				INFOPLIST_KEY_UIApplicationSupportsIndirectInputEvents = YES;
				INFOPLIST_KEY_UILaunchScreen_Generation = YES;
				INFOPLIST_KEY_UISupportedInterfaceOrientations_iPad = "UIInterfaceOrientationPortrait UIInterfaceOrientationPortraitUpsideDown UIInterfaceOrientationLandscapeLeft UIInterfaceOrientationLandscapeRight";
				INFOPLIST_KEY_UISupportedInterfaceOrientations_iPhone = "UIInterfaceOrientationPortrait UIInterfaceOrientationLandscapeLeft UIInterfaceOrientationLandscapeRight";
				LD_RUNPATH_SEARCH_PATHS = (
					"$(inherited)",
					"@executable_path/Frameworks",
				);
				LIBRARY_SEARCH_PATHS = (
					"$(inherited)",
					"$(PROJECT_DIR)",
				);
				MARKETING_VERSION = 1.0;
				PRODUCT_BUNDLE_IDENTIFIER = org.memo.MemoryGame;
				PRODUCT_NAME = "$(TARGET_NAME)";
				SWIFT_EMIT_LOC_STRINGS = YES;
				SWIFT_INCLUDE_PATHS = "$(PROJECT_DIR)";
				SWIFT_VERSION = 5.0;
				TARGETED_DEVICE_FAMILY = "1,2";
			};
			name = Debug;
		};
		3FADA4732BC030AC009B8590 /* Release */ = {
			isa = XCBuildConfiguration;
			buildSettings = {
				ASSETCATALOG_COMPILER_APPICON_NAME = AppIcon;
				ASSETCATALOG_COMPILER_GLOBAL_ACCENT_COLOR_NAME = AccentColor;
				CODE_SIGN_STYLE = Automatic;
				CURRENT_PROJECT_VERSION = 1;
				DEVELOPMENT_ASSET_PATHS = "\"MemoryGame/Preview Content\"";
				ENABLE_PREVIEWS = YES;
				GENERATE_INFOPLIST_FILE = YES;
				INFOPLIST_KEY_UIApplicationSceneManifest_Generation = YES;
				INFOPLIST_KEY_UIApplicationSupportsIndirectInputEvents = YES;
				INFOPLIST_KEY_UILaunchScreen_Generation = YES;
				INFOPLIST_KEY_UISupportedInterfaceOrientations_iPad = "UIInterfaceOrientationPortrait UIInterfaceOrientationPortraitUpsideDown UIInterfaceOrientationLandscapeLeft UIInterfaceOrientationLandscapeRight";
				INFOPLIST_KEY_UISupportedInterfaceOrientations_iPhone = "UIInterfaceOrientationPortrait UIInterfaceOrientationLandscapeLeft UIInterfaceOrientationLandscapeRight";
				LD_RUNPATH_SEARCH_PATHS = (
					"$(inherited)",
					"@executable_path/Frameworks",
				);
				LIBRARY_SEARCH_PATHS = (
					"$(inherited)",
					"$(PROJECT_DIR)",
				);
				MARKETING_VERSION = 1.0;
				PRODUCT_BUNDLE_IDENTIFIER = org.memo.MemoryGame;
				PRODUCT_NAME = "$(TARGET_NAME)";
				SWIFT_EMIT_LOC_STRINGS = YES;
				SWIFT_INCLUDE_PATHS = "$(PROJECT_DIR)";
				SWIFT_VERSION = 5.0;
				TARGETED_DEVICE_FAMILY = "1,2";
			};
			name = Release;
		};
		3FADA4752BC030AC009B8590 /* Debug */ = {
			isa = XCBuildConfiguration;
			buildSettings = {
				ALWAYS_EMBED_SWIFT_STANDARD_LIBRARIES = YES;
				BUNDLE_LOADER = "$(TEST_HOST)";
				CODE_SIGN_STYLE = Automatic;
				CURRENT_PROJECT_VERSION = 1;
				GENERATE_INFOPLIST_FILE = YES;
				IPHONEOS_DEPLOYMENT_TARGET = 17.0;
				MARKETING_VERSION = 1.0;
				PRODUCT_BUNDLE_IDENTIFIER = org.memo.MemoryGameTests;
				PRODUCT_NAME = "$(TARGET_NAME)";
				SWIFT_EMIT_LOC_STRINGS = NO;
				SWIFT_VERSION = 5.0;
				TARGETED_DEVICE_FAMILY = "1,2";
				TEST_HOST = "$(BUILT_PRODUCTS_DIR)/MemoryGame.app/$(BUNDLE_EXECUTABLE_FOLDER_PATH)/MemoryGame";
			};
			name = Debug;
		};
		3FADA4762BC030AC009B8590 /* Release */ = {
			isa = XCBuildConfiguration;
			buildSettings = {
				ALWAYS_EMBED_SWIFT_STANDARD_LIBRARIES = YES;
				BUNDLE_LOADER = "$(TEST_HOST)";
				CODE_SIGN_STYLE = Automatic;
				CURRENT_PROJECT_VERSION = 1;
				GENERATE_INFOPLIST_FILE = YES;
				IPHONEOS_DEPLOYMENT_TARGET = 17.0;
				MARKETING_VERSION = 1.0;
				PRODUCT_BUNDLE_IDENTIFIER = org.memo.MemoryGameTests;
				PRODUCT_NAME = "$(TARGET_NAME)";
				SWIFT_EMIT_LOC_STRINGS = NO;
				SWIFT_VERSION = 5.0;
				TARGETED_DEVICE_FAMILY = "1,2";
				TEST_HOST = "$(BUILT_PRODUCTS_DIR)/MemoryGame.app/$(BUNDLE_EXECUTABLE_FOLDER_PATH)/MemoryGame";
			};
			name = Release;
		};
		3FADA4782BC030AC009B8590 /* Debug */ = {
			isa = XCBuildConfiguration;
			buildSettings = {
				ALWAYS_EMBED_SWIFT_STANDARD_LIBRARIES = YES;
				CODE_SIGN_STYLE = Automatic;
				CURRENT_PROJECT_VERSION = 1;
				GENERATE_INFOPLIST_FILE = YES;
				MARKETING_VERSION = 1.0;
				PRODUCT_BUNDLE_IDENTIFIER = org.memo.MemoryGameUITests;
				PRODUCT_NAME = "$(TARGET_NAME)";
				SWIFT_EMIT_LOC_STRINGS = NO;
				SWIFT_VERSION = 5.0;
				TARGETED_DEVICE_FAMILY = "1,2";
				TEST_TARGET_NAME = MemoryGame;
			};
			name = Debug;
		};
		3FADA4792BC030AC009B8590 /* Release */ = {
			isa = XCBuildConfiguration;
			buildSettings = {
				ALWAYS_EMBED_SWIFT_STANDARD_LIBRARIES = YES;
				CODE_SIGN_STYLE = Automatic;
				CURRENT_PROJECT_VERSION = 1;
				GENERATE_INFOPLIST_FILE = YES;
				MARKETING_VERSION = 1.0;
				PRODUCT_BUNDLE_IDENTIFIER = org.memo.MemoryGameUITests;
				PRODUCT_NAME = "$(TARGET_NAME)";
				SWIFT_EMIT_LOC_STRINGS = NO;
				SWIFT_VERSION = 5.0;
				TARGETED_DEVICE_FAMILY = "1,2";
				TEST_TARGET_NAME = MemoryGame;
			};
			name = Release;
		};
/* End XCBuildConfiguration section */

/* Begin XCConfigurationList section */
		3FADA4482BC030AB009B8590 /* Build configuration list for PBXProject "MemoryGame" */ = {
			isa = XCConfigurationList;
			buildConfigurations = (
				3FADA46F2BC030AC009B8590 /* Debug */,
				3FADA4702BC030AC009B8590 /* Release */,
			);
			defaultConfigurationIsVisible = 0;
			defaultConfigurationName = Release;
		};
		3FADA4712BC030AC009B8590 /* Build configuration list for PBXNativeTarget "MemoryGame" */ = {
			isa = XCConfigurationList;
			buildConfigurations = (
				3FADA4722BC030AC009B8590 /* Debug */,
				3FADA4732BC030AC009B8590 /* Release */,
			);
			defaultConfigurationIsVisible = 0;
			defaultConfigurationName = Release;
		};
		3FADA4742BC030AC009B8590 /* Build configuration list for PBXNativeTarget "MemoryGameTests" */ = {
			isa = XCConfigurationList;
			buildConfigurations = (
				3FADA4752BC030AC009B8590 /* Debug */,
				3FADA4762BC030AC009B8590 /* Release */,
			);
			defaultConfigurationIsVisible = 0;
			defaultConfigurationName = Release;
		};
		3FADA4772BC030AC009B8590 /* Build configuration list for PBXNativeTarget "MemoryGameUITests" */ = {
			isa = XCConfigurationList;
			buildConfigurations = (
				3FADA4782BC030AC009B8590 /* Debug */,
				3FADA4792BC030AC009B8590 /* Release */,
			);
			defaultConfigurationIsVisible = 0;
			defaultConfigurationName = Release;
		};
/* End XCConfigurationList section */
	};
	rootObject = 3FADA4452BC030AB009B8590 /* Project object */;
}
